
Microsoft Visual Studio Solution File, Format Version 11.00
# Visual Studio 2010
Project("{FAE04EC0-301F-11D3-BF4B-00C04F79EFBC}") = "Problem8", "Problem8\Problem8.csproj", "{47AD74A4-1C4B-4FCD-A82C-132D6000E85D}"
EndProject
Global
	GlobalSection(SolutionConfigurationPlatforms) = preSolution
		Debug|x86 = Debug|x86
		Release|x86 = Release|x86
	EndGlobalSection
	GlobalSection(ProjectConfigurationPlatforms) = postSolution
		{47AD74A4-1C4B-4FCD-A82C-132D6000E85D}.Debug|x86.ActiveCfg = Debug|x86
		{47AD74A4-1C4B-4FCD-A82C-132D6000E85D}.Debug|x86.Build.0 = Debug|x86
		{47AD74A4-1C4B-4FCD-A82C-132D6000E85D}.Release|x86.ActiveCfg = Release|x86
		{47AD74A4-1C4B-4FCD-A82C-132D6000E85D}.Release|x86.Build.0 = Release|x86
	EndGlobalSection
	GlobalSection(SolutionProperties) = preSolution
		HideSolutionNode = FALSE
	EndGlobalSection
EndGlobal
